
Microsoft Visual Studio Solution File, Format Version 12.00
# Visual Studio Version 16
VisualStudioVersion = 16.0.29709.97
MinimumVisualStudioVersion = 10.0.40219.1
Project("{888888A0-9F3D-457C-B088-3A5042F75D52}") = "try_ros", "try_ros\try_ros.pyproj", "{34B23D8D-8567-4062-9625-723313DD5E04}"
EndProject
Global
	GlobalSection(SolutionConfigurationPlatforms) = preSolution
		Debug|Any CPU = Debug|Any CPU
		Release|Any CPU = Release|Any CPU
	EndGlobalSection
	GlobalSection(ProjectConfigurationPlatforms) = postSolution
		{34B23D8D-8567-4062-9625-723313DD5E04}.Debug|Any CPU.ActiveCfg = Debug|Any CPU
		{34B23D8D-8567-4062-9625-723313DD5E04}.Release|Any CPU.ActiveCfg = Release|Any CPU
	EndGlobalSection
	GlobalSection(SolutionProperties) = preSolution
		HideSolutionNode = FALSE
	EndGlobalSection
	GlobalSection(ExtensibilityGlobals) = postSolution
		SolutionGuid = {38B5F231-5A93-41CA-A587-97BC7412C3C3}
	EndGlobalSection
EndGlobal
